
Microsoft Visual Studio Solution File, Format Version 12.00
# Visual Studio 15
VisualStudioVersion = 15.0.27703.2035
MinimumVisualStudioVersion = 10.0.40219.1
Project("{9A19103F-16F7-4668-BE54-9A1E7A4F7556}") = "Elysium.Service", "Elysium.Service.AspNetCore\Elysium.Service.csproj", "{B51CF445-19F5-4E35-AB0B-A629F5F3350C}"
EndProject
Global
	GlobalSection(SolutionConfigurationPlatforms) = preSolution
		Debug|Any CPU = Debug|Any CPU
		Release|Any CPU = Release|Any CPU
	EndGlobalSection
	GlobalSection(ProjectConfigurationPlatforms) = postSolution
		{B51CF445-19F5-4E35-AB0B-A629F5F3350C}.Debug|Any CPU.ActiveCfg = Debug|Any CPU
		{B51CF445-19F5-4E35-AB0B-A629F5F3350C}.Debug|Any CPU.Build.0 = Debug|Any CPU
		{B51CF445-19F5-4E35-AB0B-A629F5F3350C}.Release|Any CPU.ActiveCfg = Release|Any CPU
		{B51CF445-19F5-4E35-AB0B-A629F5F3350C}.Release|Any CPU.Build.0 = Release|Any CPU
	EndGlobalSection
	GlobalSection(SolutionProperties) = preSolution
		HideSolutionNode = FALSE
	EndGlobalSection
	GlobalSection(ExtensibilityGlobals) = postSolution
		SolutionGuid = {3F581E85-060B-43A0-A0F2-CAFBE3754320}
	EndGlobalSection
EndGlobal
