
Microsoft Visual Studio Solution File, Format Version 12.00
# Visual Studio 15
VisualStudioVersion = 15.0.27703.2035
MinimumVisualStudioVersion = 10.0.40219.1
Project("{9A19103F-16F7-4668-BE54-9A1E7A4F7556}") = "Elysium.Service", "Elysium.Service\Elysium.Service.csproj", "{645C5D08-6C79-40B7-BE78-4B929B35E4DA}"
EndProject
Project("{9A19103F-16F7-4668-BE54-9A1E7A4F7556}") = "Elysium.Service.Playground", "Elysium.Service.Playground\Elysium.Service.Playground.csproj", "{937F4C6F-0FB4-450A-B835-78C7EB5D1E82}"
EndProject
Project("{9A19103F-16F7-4668-BE54-9A1E7A4F7556}") = "Elysium.Data", "Elysium.Data\Elysium.Data.csproj", "{BC2B2517-9820-4EA8-83C9-83498E514119}"
EndProject
Global
	GlobalSection(SolutionConfigurationPlatforms) = preSolution
		Debug|Any CPU = Debug|Any CPU
		Release|Any CPU = Release|Any CPU
	EndGlobalSection
	GlobalSection(ProjectConfigurationPlatforms) = postSolution
		{645C5D08-6C79-40B7-BE78-4B929B35E4DA}.Debug|Any CPU.ActiveCfg = Debug|Any CPU
		{645C5D08-6C79-40B7-BE78-4B929B35E4DA}.Debug|Any CPU.Build.0 = Debug|Any CPU
		{645C5D08-6C79-40B7-BE78-4B929B35E4DA}.Release|Any CPU.ActiveCfg = Release|Any CPU
		{645C5D08-6C79-40B7-BE78-4B929B35E4DA}.Release|Any CPU.Build.0 = Release|Any CPU
		{937F4C6F-0FB4-450A-B835-78C7EB5D1E82}.Debug|Any CPU.ActiveCfg = Debug|Any CPU
		{937F4C6F-0FB4-450A-B835-78C7EB5D1E82}.Debug|Any CPU.Build.0 = Debug|Any CPU
		{937F4C6F-0FB4-450A-B835-78C7EB5D1E82}.Release|Any CPU.ActiveCfg = Release|Any CPU
		{937F4C6F-0FB4-450A-B835-78C7EB5D1E82}.Release|Any CPU.Build.0 = Release|Any CPU
		{BC2B2517-9820-4EA8-83C9-83498E514119}.Debug|Any CPU.ActiveCfg = Debug|Any CPU
		{BC2B2517-9820-4EA8-83C9-83498E514119}.Debug|Any CPU.Build.0 = Debug|Any CPU
		{BC2B2517-9820-4EA8-83C9-83498E514119}.Release|Any CPU.ActiveCfg = Release|Any CPU
		{BC2B2517-9820-4EA8-83C9-83498E514119}.Release|Any CPU.Build.0 = Release|Any CPU
	EndGlobalSection
	GlobalSection(SolutionProperties) = preSolution
		HideSolutionNode = FALSE
	EndGlobalSection
	GlobalSection(ExtensibilityGlobals) = postSolution
		SolutionGuid = {3F581E85-060B-43A0-A0F2-CAFBE3754320}
	EndGlobalSection
EndGlobal
